<?xml version="1.0" encoding="utf-8"?>
<Project ToolsVersion="4.0" xmlns="http://schemas.microsoft.com/developer/msbuild/2003">
  <ItemGroup>
    <Filter Include="源文件">
      <UniqueIdentifier>{4FC737F1-C7A5-4376-A066-2A32D752A2FF}</UniqueIdentifier>
      <Extensions>cpp;c;cc;cxx;c++;cppm;ixx;def;odl;idl;hpj;bat;asm;asmx</Extensions>
    </Filter>
    <Filter Include="头文件">
      <UniqueIdentifier>{93995380-89BD-4b04-88EB-625FBE52EBFB}</UniqueIdentifier>
      <Extensions>h;hh;hpp;hxx;h++;hm;inl;inc;ipp;xsd</Extensions>
    </Filter>
    <Filter Include="资源文件">
      <UniqueIdentifier>{67DA6AB6-F800-4c08-8B7A-83BB121AAD01}</UniqueIdentifier>
      <Extensions>rc;ico;cur;bmp;dlg;rc2;rct;bin;rgs;gif;jpg;jpeg;jpe;resx;tiff;tif;png;wav;mfcribbon-ms</Extensions>
    </Filter>
    <Filter Include="3rdparty">
      <UniqueIdentifier>{3176996e-e1d8-4aa5-a403-b2ffed058e74}</UniqueIdentifier>
    </Filter>
    <Filter Include="3rdparty\imgui">
      <UniqueIdentifier>{56948478-cb1a-472f-84e8-727860a107ec}</UniqueIdentifier>
    </Filter>
    <Filter Include="源文件\Core">
      <UniqueIdentifier>{b9ada663-dd29-4377-a8b0-8bac2289605c}</UniqueIdentifier>
    </Filter>
    <Filter Include="头文件\Core">
      <UniqueIdentifier>{05c9f864-f1ed-40a9-a91b-422c41e8e229}</UniqueIdentifier>
    </Filter>
    <Filter Include="头文件\RenderPass">
      <UniqueIdentifier>{e59f4960-96f2-484b-b506-1412e59efefe}</UniqueIdentifier>
    </Filter>
    <Filter Include="源文件\RenderPass">
      <UniqueIdentifier>{0ff6f0ef-02df-4a72-b0ab-e4a9793a746e}</UniqueIdentifier>
    </Filter>
    <Filter Include="头文件\RHI">
      <UniqueIdentifier>{649d0125-34c4-4112-b881-0e1d763c7052}</UniqueIdentifier>
    </Filter>
    <Filter Include="源文件\RHI">
      <UniqueIdentifier>{af5b6d6d-faf8-4781-90ca-fc5d48682f69}</UniqueIdentifier>
    </Filter>
    <Filter Include="头文件\Renderer">
      <UniqueIdentifier>{1bb3ed23-7dbf-4298-8b0d-bf93f9b2548d}</UniqueIdentifier>
    </Filter>
    <Filter Include="源文件\Renderer">
      <UniqueIdentifier>{0792d412-fea6-4d7f-8bd1-db78666a7284}</UniqueIdentifier>
    </Filter>
  </ItemGroup>
  <ItemGroup>
    <ClCompile Include="D3D12HelloTriangle.cpp">
      <Filter>源文件</Filter>
    </ClCompile>
    <ClCompile Include="DXSample.cpp">
      <Filter>源文件</Filter>
    </ClCompile>
    <ClCompile Include="stdafx.cpp">
      <Filter>源文件</Filter>
    </ClCompile>
    <ClCompile Include="Win32Application.cpp">
      <Filter>源文件</Filter>
    </ClCompile>
    <ClCompile Include="3rdparty\imgui\imgui.cpp">
      <Filter>3rdparty\imgui</Filter>
    </ClCompile>
    <ClCompile Include="3rdparty\imgui\imgui_demo.cpp">
      <Filter>3rdparty\imgui</Filter>
    </ClCompile>
    <ClCompile Include="3rdparty\imgui\imgui_draw.cpp">
      <Filter>3rdparty\imgui</Filter>
    </ClCompile>
    <ClCompile Include="3rdparty\imgui\imgui_impl_dx12.cpp">
      <Filter>3rdparty\imgui</Filter>
    </ClCompile>
    <ClCompile Include="3rdparty\imgui\imgui_impl_win32.cpp">
      <Filter>3rdparty\imgui</Filter>
    </ClCompile>
    <ClCompile Include="3rdparty\imgui\imgui_tables.cpp">
      <Filter>3rdparty\imgui</Filter>
    </ClCompile>
    <ClCompile Include="3rdparty\imgui\imgui_widgets.cpp">
      <Filter>3rdparty\imgui</Filter>
    </ClCompile>
    <ClCompile Include="D3D12HelloTrianglePartices.cpp">
      <Filter>源文件</Filter>
    </ClCompile>
    <ClCompile Include="Renderer.cpp">
      <Filter>源文件\Core</Filter>
    </ClCompile>
    <ClCompile Include="RenderPass.cpp">
      <Filter>源文件\Core</Filter>
    </ClCompile>
    <ClCompile Include="Texture.cpp">
      <Filter>源文件\RHI</Filter>
    </ClCompile>
    <ClCompile Include="Resources.cpp">
      <Filter>源文件\RHI</Filter>
    </ClCompile>
    <ClCompile Include="RenderTarget.cpp">
      <Filter>源文件\RHI</Filter>
    </ClCompile>
    <ClCompile Include="GemoteryPass.cpp">
      <Filter>源文件\RenderPass</Filter>
    </ClCompile>
    <ClCompile Include="Mesh.cpp">
      <Filter>源文件\Renderer</Filter>
    </ClCompile>
    <ClCompile Include="Camera.cpp">
      <Filter>源文件\Renderer</Filter>
    </ClCompile>
    <ClCompile Include="Main.cpp">
      <Filter>源文件</Filter>
    </ClCompile>
    <ClCompile Include="Shader.cpp">
      <Filter>源文件\RHI</Filter>
    </ClCompile>
    <ClCompile Include="Material.cpp">
      <Filter>源文件\Renderer</Filter>
    </ClCompile>
    <ClCompile Include="MeshRenderer.cpp">
      <Filter>源文件\Renderer</Filter>
    </ClCompile>
    <ClCompile Include="Transform.cpp">
      <Filter>源文件\Renderer</Filter>
    </ClCompile>
    <ClCompile Include="DynamicRHI.cpp">
      <Filter>源文件</Filter>
    </ClCompile>
    <ClCompile Include="RendererViewport.cpp">
      <Filter>源文件\Core</Filter>
    </ClCompile>
    <ClCompile Include="D3D12HelloTriangleParticesWithRenderer.cpp">
      <Filter>源文件</Filter>
    </ClCompile>
  </ItemGroup>
  <ItemGroup>
    <ClInclude Include="D3D12HelloTriangle.h">
      <Filter>头文件</Filter>
    </ClInclude>
    <ClInclude Include="d3dx12.h">
      <Filter>头文件</Filter>
    </ClInclude>
    <ClInclude Include="DXSample.h">
      <Filter>头文件</Filter>
    </ClInclude>
    <ClInclude Include="DXSampleHelper.h">
      <Filter>头文件</Filter>
    </ClInclude>
    <ClInclude Include="stdafx.h">
      <Filter>头文件</Filter>
    </ClInclude>
    <ClInclude Include="Win32Application.h">
      <Filter>头文件</Filter>
    </ClInclude>
    <ClInclude Include="3rdparty\imgui\imconfig.h">
      <Filter>3rdparty\imgui</Filter>
    </ClInclude>
    <ClInclude Include="3rdparty\imgui\imgui.h">
      <Filter>3rdparty\imgui</Filter>
    </ClInclude>
    <ClInclude Include="3rdparty\imgui\imgui_impl_dx12.h">
      <Filter>3rdparty\imgui</Filter>
    </ClInclude>
    <ClInclude Include="3rdparty\imgui\imgui_impl_win32.h">
      <Filter>3rdparty\imgui</Filter>
    </ClInclude>
    <ClInclude Include="3rdparty\imgui\imgui_internal.h">
      <Filter>3rdparty\imgui</Filter>
    </ClInclude>
    <ClInclude Include="3rdparty\imgui\imstb_rectpack.h">
      <Filter>3rdparty\imgui</Filter>
    </ClInclude>
    <ClInclude Include="3rdparty\imgui\imstb_textedit.h">
      <Filter>3rdparty\imgui</Filter>
    </ClInclude>
    <ClInclude Include="3rdparty\imgui\imstb_truetype.h">
      <Filter>3rdparty\imgui</Filter>
    </ClInclude>
    <ClInclude Include="D3D12HelloTrianglePartices.h">
      <Filter>头文件</Filter>
    </ClInclude>
    <ClInclude Include="Renderer.h">
      <Filter>头文件\Core</Filter>
    </ClInclude>
    <ClInclude Include="RenderPass.h">
      <Filter>头文件\Core</Filter>
    </ClInclude>
    <ClInclude Include="Texture.h">
      <Filter>头文件\RHI</Filter>
    </ClInclude>
    <ClInclude Include="Resources.h">
      <Filter>头文件\RHI</Filter>
    </ClInclude>
    <ClInclude Include="RenderTarget.h">
      <Filter>头文件\RHI</Filter>
    </ClInclude>
    <ClInclude Include="GemoteryPass.h">
      <Filter>头文件\RenderPass</Filter>
    </ClInclude>
    <ClInclude Include="Camera.h">
      <Filter>头文件\Renderer</Filter>
    </ClInclude>
    <ClInclude Include="Mesh.h">
      <Filter>头文件\Renderer</Filter>
    </ClInclude>
    <ClInclude Include="Shader.h">
      <Filter>头文件\RHI</Filter>
    </ClInclude>
    <ClInclude Include="Material.h">
      <Filter>头文件\Renderer</Filter>
    </ClInclude>
    <ClInclude Include="MeshRenderer.h">
      <Filter>头文件\Renderer</Filter>
    </ClInclude>
    <ClInclude Include="Transform.h">
      <Filter>头文件\Renderer</Filter>
    </ClInclude>
    <ClInclude Include="DynamicRHI.h">
      <Filter>头文件</Filter>
    </ClInclude>
    <ClInclude Include="RendererViewport.h">
      <Filter>头文件\Core</Filter>
    </ClInclude>
    <ClInclude Include="D3D12HelloTriangleParticesWithRenderer.h">
      <Filter>头文件</Filter>
    </ClInclude>
  </ItemGroup>
  <ItemGroup>
    <CustomBuild Include="shaders.hlsl" />
  </ItemGroup>
</Project>